
Microsoft Visual Studio Solution File, Format Version 12.00
# Visual Studio Version 17
VisualStudioVersion = 17.2.32616.157
MinimumVisualStudioVersion = 10.0.40219.1
Project("{FAE04EC0-301F-11D3-BF4B-00C04F79EFBC}") = "Saphyre.Client", "Saphyre.Client\Saphyre.Client.csproj", "{1FAAA396-49A8-42B9-A11B-F133200B1B32}"
EndProject
Global
	GlobalSection(SolutionConfigurationPlatforms) = preSolution
		Debug|Any CPU = Debug|Any CPU
		Release|Any CPU = Release|Any CPU
	EndGlobalSection
	GlobalSection(ProjectConfigurationPlatforms) = postSolution
		{1FAAA396-49A8-42B9-A11B-F133200B1B32}.Debug|Any CPU.ActiveCfg = Debug|Any CPU
		{1FAAA396-49A8-42B9-A11B-F133200B1B32}.Debug|Any CPU.Build.0 = Debug|Any CPU
		{1FAAA396-49A8-42B9-A11B-F133200B1B32}.Release|Any CPU.ActiveCfg = Release|Any CPU
		{1FAAA396-49A8-42B9-A11B-F133200B1B32}.Release|Any CPU.Build.0 = Release|Any CPU
	EndGlobalSection
	GlobalSection(SolutionProperties) = preSolution
		HideSolutionNode = FALSE
	EndGlobalSection
	GlobalSection(ExtensibilityGlobals) = postSolution
		SolutionGuid = {820CEAB0-192D-4CDB-A358-0D5BCF36A51E}
	EndGlobalSection
EndGlobal
